
Microsoft Visual Studio Solution File, Format Version 12.00
# Visual Studio Version 17
VisualStudioVersion = 17.2.32516.85
MinimumVisualStudioVersion = 10.0.40219.1
Project("{FAE04EC0-301F-11D3-BF4B-00C04F79EFBC}") = "test", "test\test.csproj", "{3FC5647A-D9EC-4C66-8C3A-D6AE198EEDDC}"
EndProject
Global
	GlobalSection(SolutionConfigurationPlatforms) = preSolution
		Debug|Any CPU = Debug|Any CPU
		Release|Any CPU = Release|Any CPU
	EndGlobalSection
	GlobalSection(ProjectConfigurationPlatforms) = postSolution
		{3FC5647A-D9EC-4C66-8C3A-D6AE198EEDDC}.Debug|Any CPU.ActiveCfg = Debug|Any CPU
		{3FC5647A-D9EC-4C66-8C3A-D6AE198EEDDC}.Debug|Any CPU.Build.0 = Debug|Any CPU
		{3FC5647A-D9EC-4C66-8C3A-D6AE198EEDDC}.Release|Any CPU.ActiveCfg = Release|Any CPU
		{3FC5647A-D9EC-4C66-8C3A-D6AE198EEDDC}.Release|Any CPU.Build.0 = Release|Any CPU
	EndGlobalSection
	GlobalSection(SolutionProperties) = preSolution
		HideSolutionNode = FALSE
	EndGlobalSection
	GlobalSection(ExtensibilityGlobals) = postSolution
		SolutionGuid = {93DFBDD0-38FB-4859-9E92-5C1930AF255B}
	EndGlobalSection
EndGlobal
